# This is a Gradle generated file for dependency locking.
# Manual edits can break the build and are not advised.
# This file is expected to be part of source control.
ch.qos.logback.contrib:logback-jackson:0.1.5=compileClasspath,implementationDependenciesMetadata,productionRuntimeClasspath,runtimeClasspath,testCompileClasspath,testImplementationDependenciesMetadata,testRuntimeClasspath
ch.qos.logback.contrib:logback-json-classic:0.1.5=compileClasspath,implementationDependenciesMetadata,productionRuntimeClasspath,runtimeClasspath,testCompileClasspath,testImplementationDependenciesMetadata,testRuntimeClasspath
ch.qos.logback.contrib:logback-json-core:0.1.5=compileClasspath,implementationDependenciesMetadata,productionRuntimeClasspath,runtimeClasspath,testCompileClasspath,testImplementationDependenciesMetadata,testRuntimeClasspath
ch.qos.logback:logback-classic:1.4.7=compileClasspath,implementationDependenciesMetadata,ktlint,productionRuntimeClasspath,runtimeClasspath,testCompileClasspath,testImplementationDependenciesMetadata,testRuntimeClasspath
ch.qos.logback:logback-core:1.4.7=compileClasspath,implementationDependenciesMetadata,ktlint,productionRuntimeClasspath,runtimeClasspath,testCompileClasspath,testImplementationDependenciesMetadata,testRuntimeClasspath
com.fasterxml.jackson.core:jackson-annotations:2.14.2=compileClasspath,implementationDependenciesMetadata,productionRuntimeClasspath,runtimeClasspath,testCompileClasspath,testImplementationDependenciesMetadata,testRuntimeClasspath
com.fasterxml.jackson.core:jackson-core:2.14.2=compileClasspath,implementationDependenciesMetadata,productionRuntimeClasspath,runtimeClasspath,testCompileClasspath,testImplementationDependenciesMetadata,testRuntimeClasspath
com.fasterxml.jackson.core:jackson-databind:2.14.2=compileClasspath,implementationDependenciesMetadata,productionRuntimeClasspath,runtimeClasspath,testCompileClasspath,testImplementationDependenciesMetadata,testRuntimeClasspath
com.fasterxml.jackson.dataformat:jackson-dataformat-toml:2.14.2=compileClasspath,implementationDependenciesMetadata,productionRuntimeClasspath,runtimeClasspath,testCompileClasspath,testImplementationDependenciesMetadata,testRuntimeClasspath
com.fasterxml.jackson.dataformat:jackson-dataformat-yaml:2.14.2=compileClasspath,implementationDependenciesMetadata,productionRuntimeClasspath,runtimeClasspath,testCompileClasspath,testImplementationDependenciesMetadata,testRuntimeClasspath
com.fasterxml.jackson.datatype:jackson-datatype-jdk8:2.14.2=compileClasspath,implementationDependenciesMetadata,productionRuntimeClasspath,runtimeClasspath,testCompileClasspath,testImplementationDependenciesMetadata,testRuntimeClasspath
com.fasterxml.jackson.datatype:jackson-datatype-jsr310:2.14.2=compileClasspath,implementationDependenciesMetadata,productionRuntimeClasspath,runtimeClasspath,testCompileClasspath,testImplementationDependenciesMetadata,testRuntimeClasspath
com.fasterxml.jackson.module:jackson-module-kotlin:2.15.2=compileClasspath,implementationDependenciesMetadata,productionRuntimeClasspath,runtimeClasspath,testCompileClasspath,testImplementationDependenciesMetadata,testRuntimeClasspath
com.fasterxml.jackson.module:jackson-module-parameter-names:2.14.2=compileClasspath,implementationDependenciesMetadata,productionRuntimeClasspath,runtimeClasspath,testCompileClasspath,testImplementationDependenciesMetadata,testRuntimeClasspath
com.fasterxml.jackson:jackson-bom:2.15.2=compileClasspath,implementationDependenciesMetadata,productionRuntimeClasspath,runtimeClasspath,testCompileClasspath,testImplementationDependenciesMetadata,testRuntimeClasspath
com.fasterxml:classmate:1.5.1=productionRuntimeClasspath,runtimeClasspath,testRuntimeClasspath
com.github.docker-java:docker-java-api:3.3.0=testCompileClasspath,testImplementationDependenciesMetadata,testRuntimeClasspath
com.github.docker-java:docker-java-transport-zerodep:3.3.0=testCompileClasspath,testImplementationDependenciesMetadata,testRuntimeClasspath
com.github.docker-java:docker-java-transport:3.3.0=testCompileClasspath,testImplementationDependenciesMetadata,testRuntimeClasspath
com.github.shyiko.klob:klob:0.2.1=ktlint
com.google.code.gson:gson:2.10.1=compileClasspath,implementationDependenciesMetadata,productionRuntimeClasspath,runtimeClasspath,testCompileClasspath,testImplementationDependenciesMetadata,testRuntimeClasspath
com.google.maps:google-maps-services:2.2.0=compileClasspath,implementationDependenciesMetadata,productionRuntimeClasspath,runtimeClasspath,testCompileClasspath,testImplementationDependenciesMetadata,testRuntimeClasspath
com.jayway.jsonpath:json-path:2.7.0=testCompileClasspath,testImplementationDependenciesMetadata,testRuntimeClasspath
com.pinterest.ktlint:ktlint-core:0.47.1=ktlint,ktlintBaselineReporter
com.pinterest.ktlint:ktlint-reporter-baseline:0.47.1=ktlint,ktlintBaselineReporter
com.pinterest.ktlint:ktlint-reporter-checkstyle:0.47.1=ktlint
com.pinterest.ktlint:ktlint-reporter-format:0.47.1=ktlint
com.pinterest.ktlint:ktlint-reporter-html:0.47.1=ktlint
com.pinterest.ktlint:ktlint-reporter-json:0.47.1=ktlint
com.pinterest.ktlint:ktlint-reporter-plain:0.47.1=ktlint
com.pinterest.ktlint:ktlint-reporter-sarif:0.47.1=ktlint
com.pinterest.ktlint:ktlint-ruleset-experimental:0.47.1=ktlint
com.pinterest.ktlint:ktlint-ruleset-standard:0.47.1=ktlint
com.pinterest.ktlint:ktlint-ruleset-test:0.47.1=ktlint
com.pinterest:ktlint:0.47.1=ktlint
com.rollbar:rollbar-api:1.10.0=compileClasspath,implementationDependenciesMetadata,productionRuntimeClasspath,runtimeClasspath,testCompileClasspath,testImplementationDependenciesMetadata,testRuntimeClasspath
com.rollbar:rollbar-java:1.10.0=compileClasspath,implementationDependenciesMetadata,productionRuntimeClasspath,runtimeClasspath,testCompileClasspath,testImplementationDependenciesMetadata,testRuntimeClasspath
com.rollbar:rollbar-spring-boot-webmvc:1.10.0=compileClasspath,implementationDependenciesMetadata,productionRuntimeClasspath,runtimeClasspath,testCompileClasspath,testImplementationDependenciesMetadata,testRuntimeClasspath
com.rollbar:rollbar-spring-webmvc:1.10.0=compileClasspath,implementationDependenciesMetadata,productionRuntimeClasspath,runtimeClasspath,testCompileClasspath,testImplementationDependenciesMetadata,testRuntimeClasspath
com.rollbar:rollbar-web:1.10.0=compileClasspath,implementationDependenciesMetadata,productionRuntimeClasspath,runtimeClasspath,testCompileClasspath,testImplementationDependenciesMetadata,testRuntimeClasspath
com.squareup.okhttp3:okhttp:4.10.0=compileClasspath,implementationDependenciesMetadata,productionRuntimeClasspath,runtimeClasspath,testCompileClasspath,testImplementationDependenciesMetadata,testRuntimeClasspath
com.squareup.okio:okio-jvm:3.0.0=compileClasspath,productionRuntimeClasspath,runtimeClasspath,testCompileClasspath,testRuntimeClasspath
com.squareup.okio:okio:3.0.0=compileClasspath,implementationDependenciesMetadata,productionRuntimeClasspath,runtimeClasspath,testCompileClasspath,testImplementationDependenciesMetadata,testRuntimeClasspath
com.sun.istack:istack-commons-runtime:4.1.1=productionRuntimeClasspath,runtimeClasspath,testRuntimeClasspath
com.vaadin.external.google:android-json:0.0.20131108.vaadin1=testCompileClasspath,testImplementationDependenciesMetadata,testRuntimeClasspath
com.vladmihalcea:hibernate-types-60:2.21.1=compileClasspath,implementationDependenciesMetadata,productionRuntimeClasspath,runtimeClasspath,testCompileClasspath,testImplementationDependenciesMetadata,testRuntimeClasspath
com.zaxxer:HikariCP:5.0.1=compileClasspath,implementationDependenciesMetadata,productionRuntimeClasspath,runtimeClasspath,testCompileClasspath,testImplementationDependenciesMetadata,testRuntimeClasspath
info.picocli:picocli:4.6.3=ktlint
io.github.detekt.sarif4k:sarif4k:0.0.1=ktlint
io.github.microutils:kotlin-logging-jvm:2.1.23=ktlint,ktlintBaselineReporter
io.grpc:grpc-context:1.27.2=compileClasspath,implementationDependenciesMetadata,productionRuntimeClasspath,runtimeClasspath,testCompileClasspath,testImplementationDependenciesMetadata,testRuntimeClasspath
io.hypersistence:hypersistence-tsid:2.0.0=compileClasspath,implementationDependenciesMetadata,productionRuntimeClasspath,runtimeClasspath,testCompileClasspath,testImplementationDependenciesMetadata,testRuntimeClasspath
io.hypersistence:hypersistence-utils-hibernate-60:3.5.1=compileClasspath,implementationDependenciesMetadata,productionRuntimeClasspath,runtimeClasspath,testCompileClasspath,testImplementationDependenciesMetadata,testRuntimeClasspath
io.micrometer:micrometer-commons:1.10.6=compileClasspath,implementationDependenciesMetadata,productionRuntimeClasspath,runtimeClasspath,testCompileClasspath,testImplementationDependenciesMetadata,testRuntimeClasspath
io.micrometer:micrometer-core:1.10.6=compileClasspath,implementationDependenciesMetadata,productionRuntimeClasspath,runtimeClasspath,testCompileClasspath,testImplementationDependenciesMetadata,testRuntimeClasspath
io.micrometer:micrometer-observation:1.10.6=compileClasspath,implementationDependenciesMetadata,productionRuntimeClasspath,runtimeClasspath,testCompileClasspath,testImplementationDependenciesMetadata,testRuntimeClasspath
io.netty:netty-buffer:4.1.91.Final=compileClasspath,implementationDependenciesMetadata,productionRuntimeClasspath,runtimeClasspath,testCompileClasspath,testImplementationDependenciesMetadata,testRuntimeClasspath
io.netty:netty-codec-dns:4.1.91.Final=compileClasspath,implementationDependenciesMetadata,productionRuntimeClasspath,runtimeClasspath,testCompileClasspath,testImplementationDependenciesMetadata,testRuntimeClasspath
io.netty:netty-codec-http2:4.1.91.Final=compileClasspath,implementationDependenciesMetadata,productionRuntimeClasspath,runtimeClasspath,testCompileClasspath,testImplementationDependenciesMetadata,testRuntimeClasspath
io.netty:netty-codec-http:4.1.91.Final=compileClasspath,implementationDependenciesMetadata,productionRuntimeClasspath,runtimeClasspath,testCompileClasspath,testImplementationDependenciesMetadata,testRuntimeClasspath
io.netty:netty-codec-socks:4.1.91.Final=compileClasspath,implementationDependenciesMetadata,productionRuntimeClasspath,runtimeClasspath,testCompileClasspath,testImplementationDependenciesMetadata,testRuntimeClasspath
io.netty:netty-codec:4.1.91.Final=compileClasspath,implementationDependenciesMetadata,productionRuntimeClasspath,runtimeClasspath,testCompileClasspath,testImplementationDependenciesMetadata,testRuntimeClasspath
io.netty:netty-common:4.1.91.Final=compileClasspath,implementationDependenciesMetadata,productionRuntimeClasspath,runtimeClasspath,testCompileClasspath,testImplementationDependenciesMetadata,testRuntimeClasspath
io.netty:netty-handler-proxy:4.1.91.Final=compileClasspath,implementationDependenciesMetadata,productionRuntimeClasspath,runtimeClasspath,testCompileClasspath,testImplementationDependenciesMetadata,testRuntimeClasspath
io.netty:netty-handler:4.1.91.Final=compileClasspath,implementationDependenciesMetadata,productionRuntimeClasspath,runtimeClasspath,testCompileClasspath,testImplementationDependenciesMetadata,testRuntimeClasspath
io.netty:netty-resolver-dns-classes-macos:4.1.91.Final=compileClasspath,implementationDependenciesMetadata,productionRuntimeClasspath,runtimeClasspath,testCompileClasspath,testImplementationDependenciesMetadata,testRuntimeClasspath
io.netty:netty-resolver-dns-native-macos:4.1.91.Final=compileClasspath,implementationDependenciesMetadata,productionRuntimeClasspath,runtimeClasspath,testCompileClasspath,testImplementationDependenciesMetadata,testRuntimeClasspath
io.netty:netty-resolver-dns:4.1.91.Final=compileClasspath,implementationDependenciesMetadata,productionRuntimeClasspath,runtimeClasspath,testCompileClasspath,testImplementationDependenciesMetadata,testRuntimeClasspath
io.netty:netty-resolver:4.1.91.Final=compileClasspath,implementationDependenciesMetadata,productionRuntimeClasspath,runtimeClasspath,testCompileClasspath,testImplementationDependenciesMetadata,testRuntimeClasspath
io.netty:netty-transport-classes-epoll:4.1.91.Final=compileClasspath,implementationDependenciesMetadata,productionRuntimeClasspath,runtimeClasspath,testCompileClasspath,testImplementationDependenciesMetadata,testRuntimeClasspath
io.netty:netty-transport-native-epoll:4.1.91.Final=compileClasspath,implementationDependenciesMetadata,productionRuntimeClasspath,runtimeClasspath,testCompileClasspath,testImplementationDependenciesMetadata,testRuntimeClasspath
io.netty:netty-transport-native-unix-common:4.1.91.Final=compileClasspath,implementationDependenciesMetadata,productionRuntimeClasspath,runtimeClasspath,testCompileClasspath,testImplementationDependenciesMetadata,testRuntimeClasspath
io.netty:netty-transport:4.1.91.Final=compileClasspath,implementationDependenciesMetadata,productionRuntimeClasspath,runtimeClasspath,testCompileClasspath,testImplementationDependenciesMetadata,testRuntimeClasspath
io.opencensus:opencensus-api:0.31.0=compileClasspath,implementationDependenciesMetadata,productionRuntimeClasspath,runtimeClasspath,testCompileClasspath,testImplementationDependenciesMetadata,testRuntimeClasspath
io.projectreactor.netty:reactor-netty-core:1.1.6=compileClasspath,implementationDependenciesMetadata,productionRuntimeClasspath,runtimeClasspath,testCompileClasspath,testImplementationDependenciesMetadata,testRuntimeClasspath
io.projectreactor.netty:reactor-netty-http:1.1.6=compileClasspath,implementationDependenciesMetadata,productionRuntimeClasspath,runtimeClasspath,testCompileClasspath,testImplementationDependenciesMetadata,testRuntimeClasspath
io.projectreactor:reactor-core:3.5.5=compileClasspath,implementationDependenciesMetadata,productionRuntimeClasspath,runtimeClasspath,testCompileClasspath,testImplementationDependenciesMetadata,testRuntimeClasspath
io.smallrye:jandex:3.1.2=productionRuntimeClasspath,runtimeClasspath,testRuntimeClasspath
io.swagger.core.v3:swagger-annotations-jakarta:2.2.15=compileClasspath,implementationDependenciesMetadata,productionRuntimeClasspath,runtimeClasspath,testCompileClasspath,testImplementationDependenciesMetadata,testRuntimeClasspath
io.swagger.core.v3:swagger-core-jakarta:2.2.15=compileClasspath,implementationDependenciesMetadata,productionRuntimeClasspath,runtimeClasspath,testCompileClasspath,testImplementationDependenciesMetadata,testRuntimeClasspath
io.swagger.core.v3:swagger-models-jakarta:2.2.15=compileClasspath,implementationDependenciesMetadata,productionRuntimeClasspath,runtimeClasspath,testCompileClasspath,testImplementationDependenciesMetadata,testRuntimeClasspath
jakarta.activation:jakarta.activation-api:2.1.1=compileClasspath,implementationDependenciesMetadata,productionRuntimeClasspath,runtimeClasspath,testCompileClasspath,testImplementationDependenciesMetadata,testRuntimeClasspath
jakarta.annotation:jakarta.annotation-api:2.1.1=compileClasspath,implementationDependenciesMetadata,productionRuntimeClasspath,runtimeClasspath,testCompileClasspath,testImplementationDependenciesMetadata,testRuntimeClasspath
jakarta.inject:jakarta.inject-api:2.0.1=productionRuntimeClasspath,runtimeClasspath,testRuntimeClasspath
jakarta.persistence:jakarta.persistence-api:3.1.0=compileClasspath,implementationDependenciesMetadata,productionRuntimeClasspath,runtimeClasspath,testCompileClasspath,testImplementationDependenciesMetadata,testRuntimeClasspath
jakarta.transaction:jakarta.transaction-api:2.0.1=compileClasspath,implementationDependenciesMetadata,productionRuntimeClasspath,runtimeClasspath,testCompileClasspath,testImplementationDependenciesMetadata,testRuntimeClasspath
jakarta.validation:jakarta.validation-api:3.0.2=compileClasspath,implementationDependenciesMetadata,productionRuntimeClasspath,runtimeClasspath,testCompileClasspath,testImplementationDependenciesMetadata,testRuntimeClasspath
jakarta.xml.bind:jakarta.xml.bind-api:4.0.0=compileClasspath,implementationDependenciesMetadata,productionRuntimeClasspath,runtimeClasspath,testCompileClasspath,testImplementationDependenciesMetadata,testRuntimeClasspath
javax.servlet:javax.servlet-api:3.1.0=productionRuntimeClasspath,runtimeClasspath,testRuntimeClasspath
javax.xml.bind:jaxb-api:2.3.0=compileClasspath,implementationDependenciesMetadata,productionRuntimeClasspath,runtimeClasspath,testCompileClasspath,testImplementationDependenciesMetadata,testRuntimeClasspath
junit:junit:4.13.2=testCompileClasspath,testImplementationDependenciesMetadata,testRuntimeClasspath
net.bytebuddy:byte-buddy-agent:1.12.23=testCompileClasspath,testImplementationDependenciesMetadata,testRuntimeClasspath
net.bytebuddy:byte-buddy:1.12.23=productionRuntimeClasspath,runtimeClasspath,testCompileClasspath,testImplementationDependenciesMetadata,testRuntimeClasspath
net.java.dev.jna:jna:5.12.1=testCompileClasspath,testImplementationDependenciesMetadata,testRuntimeClasspath
net.java.dev.jna:jna:5.6.0=kotlinCompilerClasspath,kotlinKaptWorkerDependencies,kotlinKlibCommonizerClasspath,ktlint,ktlintBaselineReporter
net.minidev:accessors-smart:2.4.9=testCompileClasspath,testImplementationDependenciesMetadata,testRuntimeClasspath
net.minidev:json-smart:2.4.10=testCompileClasspath,testImplementationDependenciesMetadata,testRuntimeClasspath
org.antlr:antlr4-runtime:4.10.1=productionRuntimeClasspath,runtimeClasspath,testRuntimeClasspath
org.apache.commons:commons-compress:1.23.0=testCompileClasspath,testImplementationDependenciesMetadata,testRuntimeClasspath
org.apache.commons:commons-lang3:3.12.0=compileClasspath,implementationDependenciesMetadata,productionRuntimeClasspath,runtimeClasspath,testCompileClasspath,testImplementationDependenciesMetadata,testRuntimeClasspath
org.apache.logging.log4j:log4j-api:2.19.0=compileClasspath,implementationDependenciesMetadata,productionRuntimeClasspath,runtimeClasspath,testCompileClasspath,testImplementationDependenciesMetadata,testRuntimeClasspath
org.apache.logging.log4j:log4j-to-slf4j:2.19.0=compileClasspath,implementationDependenciesMetadata,productionRuntimeClasspath,runtimeClasspath,testCompileClasspath,testImplementationDependenciesMetadata,testRuntimeClasspath
org.apache.tomcat.embed:tomcat-embed-core:10.1.8=compileClasspath,implementationDependenciesMetadata,productionRuntimeClasspath,runtimeClasspath,testCompileClasspath,testImplementationDependenciesMetadata,testRuntimeClasspath
org.apache.tomcat.embed:tomcat-embed-el:10.1.8=compileClasspath,implementationDependenciesMetadata,productionRuntimeClasspath,runtimeClasspath,testCompileClasspath,testImplementationDependenciesMetadata,testRuntimeClasspath
org.apache.tomcat.embed:tomcat-embed-websocket:10.1.8=compileClasspath,implementationDependenciesMetadata,productionRuntimeClasspath,runtimeClasspath,testCompileClasspath,testImplementationDependenciesMetadata,testRuntimeClasspath
org.apiguardian:apiguardian-api:1.1.2=testCompileClasspath,testImplementationDependenciesMetadata
org.aspectj:aspectjweaver:1.9.19=compileClasspath,implementationDependenciesMetadata,productionRuntimeClasspath,runtimeClasspath,testCompileClasspath,testImplementationDependenciesMetadata,testRuntimeClasspath
org.assertj:assertj-core:3.23.1=testCompileClasspath,testImplementationDependenciesMetadata,testRuntimeClasspath
org.checkerframework:checker-qual:3.31.0=productionRuntimeClasspath,runtimeClasspath,testRuntimeClasspath
org.ec4j.core:ec4j-core:0.3.0=ktlint,ktlintBaselineReporter
org.eclipse.angus:angus-activation:2.0.0=productionRuntimeClasspath,runtimeClasspath,testRuntimeClasspath
org.flywaydb:flyway-core:9.16.1=compileClasspath,implementationDependenciesMetadata,productionRuntimeClasspath,runtimeClasspath,testCompileClasspath,testImplementationDependenciesMetadata,testRuntimeClasspath
org.geolatte:geolatte-geom:1.9.1=compileClasspath,implementationDependenciesMetadata,productionRuntimeClasspath,runtimeClasspath,testCompileClasspath,testImplementationDependenciesMetadata,testRuntimeClasspath
org.glassfish.jaxb:jaxb-core:4.0.2=productionRuntimeClasspath,runtimeClasspath,testRuntimeClasspath
org.glassfish.jaxb:jaxb-runtime:4.0.2=productionRuntimeClasspath,runtimeClasspath,testRuntimeClasspath
org.glassfish.jaxb:txw2:4.0.2=productionRuntimeClasspath,runtimeClasspath,testRuntimeClasspath
org.hamcrest:hamcrest-core:2.2=testCompileClasspath,testImplementationDependenciesMetadata,testRuntimeClasspath
org.hamcrest:hamcrest:2.2=testCompileClasspath,testImplementationDependenciesMetadata,testRuntimeClasspath
org.hdrhistogram:HdrHistogram:2.1.12=productionRuntimeClasspath,runtimeClasspath,testRuntimeClasspath
org.hibernate.common:hibernate-commons-annotations:6.0.6.Final=productionRuntimeClasspath,runtimeClasspath,testRuntimeClasspath
org.hibernate.orm:hibernate-core:6.3.0.CR1=compileClasspath,implementationDependenciesMetadata,productionRuntimeClasspath,runtimeClasspath,testCompileClasspath,testImplementationDependenciesMetadata,testRuntimeClasspath
org.hibernate.orm:hibernate-spatial:6.3.0.CR1=compileClasspath,implementationDependenciesMetadata,productionRuntimeClasspath,runtimeClasspath,testCompileClasspath,testImplementationDependenciesMetadata,testRuntimeClasspath
org.jboss.logging:jboss-logging:3.5.0.Final=productionRuntimeClasspath,runtimeClasspath,testRuntimeClasspath
org.jetbrains.intellij.deps:trove4j:1.0.20200330=kotlinCompilerClasspath,kotlinKaptWorkerDependencies,kotlinKlibCommonizerClasspath,ktlint,ktlintBaselineReporter
org.jetbrains.kotlin:kotlin-allopen:1.8.21=kotlinCompilerPluginClasspathMain,kotlinCompilerPluginClasspathTest
org.jetbrains.kotlin:kotlin-annotation-processing-gradle:1.8.21=kotlinKaptWorkerDependencies
org.jetbrains.kotlin:kotlin-compiler-embeddable:1.8.21=kotlinCompilerClasspath,kotlinKaptWorkerDependencies,kotlinKlibCommonizerClasspath,ktlint,ktlintBaselineReporter
org.jetbrains.kotlin:kotlin-daemon-embeddable:1.8.21=kotlinCompilerClasspath,kotlinKaptWorkerDependencies,kotlinKlibCommonizerClasspath,ktlint,ktlintBaselineReporter
org.jetbrains.kotlin:kotlin-gradle-plugin-annotations:1.8.21=kotlinCompilerPluginClasspathMain,kotlinCompilerPluginClasspathTest
org.jetbrains.kotlin:kotlin-gradle-plugin-api:1.8.21=kotlinCompilerPluginClasspathMain,kotlinCompilerPluginClasspathTest
org.jetbrains.kotlin:kotlin-gradle-plugin-model:1.8.21=kotlinCompilerPluginClasspathMain,kotlinCompilerPluginClasspathTest
org.jetbrains.kotlin:kotlin-gradle-plugins-bom:1.8.21=kotlinCompilerPluginClasspathMain,kotlinCompilerPluginClasspathTest
org.jetbrains.kotlin:kotlin-klib-commonizer-embeddable:1.8.21=kotlinKlibCommonizerClasspath
org.jetbrains.kotlin:kotlin-native-utils:1.8.21=kotlinCompilerPluginClasspathMain,kotlinCompilerPluginClasspathTest
org.jetbrains.kotlin:kotlin-noarg:1.8.21=kotlinCompilerPluginClasspathMain,kotlinCompilerPluginClasspathTest
org.jetbrains.kotlin:kotlin-project-model:1.8.21=kotlinCompilerPluginClasspathMain,kotlinCompilerPluginClasspathTest
org.jetbrains.kotlin:kotlin-reflect:1.8.21=compileClasspath,implementationDependenciesMetadata,kotlinCompilerClasspath,kotlinKaptWorkerDependencies,kotlinKlibCommonizerClasspath,ktlint,ktlintBaselineReporter,productionRuntimeClasspath,runtimeClasspath,testCompileClasspath,testImplementationDependenciesMetadata,testRuntimeClasspath
org.jetbrains.kotlin:kotlin-script-runtime:1.8.21=kotlinCompilerClasspath,kotlinCompilerPluginClasspathMain,kotlinCompilerPluginClasspathTest,kotlinKaptWorkerDependencies,kotlinKlibCommonizerClasspath,ktlint,ktlintBaselineReporter
org.jetbrains.kotlin:kotlin-scripting-common:1.8.21=kotlinCompilerPluginClasspathMain,kotlinCompilerPluginClasspathTest
org.jetbrains.kotlin:kotlin-scripting-compiler-embeddable:1.8.21=kotlinCompilerPluginClasspathMain,kotlinCompilerPluginClasspathTest
org.jetbrains.kotlin:kotlin-scripting-compiler-impl-embeddable:1.8.21=kotlinCompilerPluginClasspathMain,kotlinCompilerPluginClasspathTest
org.jetbrains.kotlin:kotlin-scripting-jvm:1.8.21=kotlinCompilerPluginClasspathMain,kotlinCompilerPluginClasspathTest
org.jetbrains.kotlin:kotlin-stdlib-common:1.8.21=compileClasspath,implementationDependenciesMetadata,kotlinCompilerClasspath,kotlinCompilerPluginClasspathMain,kotlinCompilerPluginClasspathTest,kotlinKaptWorkerDependencies,kotlinKlibCommonizerClasspath,ktlint,ktlintBaselineReporter,productionRuntimeClasspath,runtimeClasspath,testCompileClasspath,testImplementationDependenciesMetadata,testRuntimeClasspath
org.jetbrains.kotlin:kotlin-stdlib-jdk7:1.8.21=compileClasspath,implementationDependenciesMetadata,ktlint,ktlintBaselineReporter,productionRuntimeClasspath,runtimeClasspath,testCompileClasspath,testImplementationDependenciesMetadata,testRuntimeClasspath
org.jetbrains.kotlin:kotlin-stdlib-jdk8:1.8.21=compileClasspath,implementationDependenciesMetadata,ktlint,ktlintBaselineReporter,productionRuntimeClasspath,runtimeClasspath,testCompileClasspath,testImplementationDependenciesMetadata,testRuntimeClasspath
org.jetbrains.kotlin:kotlin-stdlib:1.8.21=compileClasspath,implementationDependenciesMetadata,kotlinCompilerClasspath,kotlinCompilerPluginClasspathMain,kotlinCompilerPluginClasspathTest,kotlinKaptWorkerDependencies,kotlinKlibCommonizerClasspath,ktlint,ktlintBaselineReporter,productionRuntimeClasspath,runtimeClasspath,testCompileClasspath,testImplementationDependenciesMetadata,testRuntimeClasspath
org.jetbrains.kotlin:kotlin-tooling-core:1.8.21=kotlinCompilerPluginClasspathMain,kotlinCompilerPluginClasspathTest
org.jetbrains.kotlin:kotlin-util-io:1.8.21=kotlinCompilerPluginClasspathMain,kotlinCompilerPluginClasspathTest
org.jetbrains.kotlinx:atomicfu:0.20.2=implementationDependenciesMetadata,testImplementationDependenciesMetadata
org.jetbrains.kotlinx:kotlinx-coroutines-bom:1.6.4=compileClasspath,productionRuntimeClasspath,runtimeClasspath,testCompileClasspath,testRuntimeClasspath
org.jetbrains.kotlinx:kotlinx-coroutines-core-jvm:1.6.4=compileClasspath,productionRuntimeClasspath,runtimeClasspath,testCompileClasspath,testRuntimeClasspath
org.jetbrains.kotlinx:kotlinx-coroutines-core:1.7.1=compileClasspath,implementationDependenciesMetadata,productionRuntimeClasspath,runtimeClasspath,testCompileClasspath,testImplementationDependenciesMetadata,testRuntimeClasspath
org.jetbrains.kotlinx:kotlinx-serialization-core-jvm:1.1.0=ktlint
org.jetbrains.kotlinx:kotlinx-serialization-core:1.1.0=ktlint
org.jetbrains.kotlinx:kotlinx-serialization-json-jvm:1.1.0=ktlint
org.jetbrains.kotlinx:kotlinx-serialization-json:1.1.0=ktlint
org.jetbrains:annotations:13.0=compileClasspath,implementationDependenciesMetadata,kotlinCompilerClasspath,kotlinCompilerPluginClasspathMain,kotlinCompilerPluginClasspathTest,kotlinKaptWorkerDependencies,kotlinKlibCommonizerClasspath,ktlint,ktlintBaselineReporter,productionRuntimeClasspath,runtimeClasspath
org.jetbrains:annotations:17.0.0=testCompileClasspath,testImplementationDependenciesMetadata,testRuntimeClasspath
org.junit.jupiter:junit-jupiter-api:5.9.2=testCompileClasspath,testImplementationDependenciesMetadata,testRuntimeClasspath
org.junit.jupiter:junit-jupiter-engine:5.9.2=testRuntimeClasspath
org.junit.jupiter:junit-jupiter-params:5.9.2=testCompileClasspath,testImplementationDependenciesMetadata,testRuntimeClasspath
org.junit.jupiter:junit-jupiter:5.9.2=testCompileClasspath,testImplementationDependenciesMetadata,testRuntimeClasspath
org.junit.platform:junit-platform-commons:1.9.2=testCompileClasspath,testImplementationDependenciesMetadata,testRuntimeClasspath
org.junit.platform:junit-platform-engine:1.9.2=testRuntimeClasspath
org.junit:junit-bom:5.9.2=testCompileClasspath,testImplementationDependenciesMetadata,testRuntimeClasspath
org.latencyutils:LatencyUtils:2.0.3=productionRuntimeClasspath,runtimeClasspath,testRuntimeClasspath
org.locationtech.jts:jts-core:1.19.0=compileClasspath,implementationDependenciesMetadata,productionRuntimeClasspath,runtimeClasspath,testCompileClasspath,testImplementationDependenciesMetadata,testRuntimeClasspath
org.mapstruct:mapstruct-processor:1.5.3.Final=kapt,kaptClasspath_kaptKotlin,kaptTest
org.mockito:mockito-core:4.8.1=testCompileClasspath,testImplementationDependenciesMetadata,testRuntimeClasspath
org.mockito:mockito-inline:5.2.0=testCompileClasspath,testImplementationDependenciesMetadata,testRuntimeClasspath
org.mockito:mockito-junit-jupiter:4.8.1=testCompileClasspath,testImplementationDependenciesMetadata,testRuntimeClasspath
org.objenesis:objenesis:3.2=testRuntimeClasspath
org.opentest4j:opentest4j:1.2.0=testCompileClasspath,testImplementationDependenciesMetadata,testRuntimeClasspath
org.ow2.asm:asm:9.3=testCompileClasspath,testImplementationDependenciesMetadata,testRuntimeClasspath
org.postgresql:postgresql:42.6.0=compileClasspath,implementationDependenciesMetadata,productionRuntimeClasspath,runtimeClasspath,testCompileClasspath,testImplementationDependenciesMetadata,testRuntimeClasspath
org.reactivestreams:reactive-streams:1.0.4=compileClasspath,implementationDependenciesMetadata,productionRuntimeClasspath,runtimeClasspath,testCompileClasspath,testImplementationDependenciesMetadata,testRuntimeClasspath
org.rnorth.duct-tape:duct-tape:1.0.8=testCompileClasspath,testImplementationDependenciesMetadata,testRuntimeClasspath
org.skyscreamer:jsonassert:1.5.1=testCompileClasspath,testImplementationDependenciesMetadata,testRuntimeClasspath
org.slf4j:jul-to-slf4j:2.0.7=compileClasspath,implementationDependenciesMetadata,productionRuntimeClasspath,runtimeClasspath,testCompileClasspath,testImplementationDependenciesMetadata,testRuntimeClasspath
org.slf4j:slf4j-api:2.0.7=compileClasspath,implementationDependenciesMetadata,ktlint,ktlintBaselineReporter,productionRuntimeClasspath,runtimeClasspath,testCompileClasspath,testImplementationDependenciesMetadata,testRuntimeClasspath
org.springdoc:springdoc-openapi-starter-common:2.2.0=compileClasspath,implementationDependenciesMetadata,productionRuntimeClasspath,runtimeClasspath,testCompileClasspath,testImplementationDependenciesMetadata,testRuntimeClasspath
org.springdoc:springdoc-openapi-starter-webmvc-api:2.2.0=compileClasspath,implementationDependenciesMetadata,productionRuntimeClasspath,runtimeClasspath,testCompileClasspath,testImplementationDependenciesMetadata,testRuntimeClasspath
org.springdoc:springdoc-openapi-starter-webmvc-ui:2.2.0=compileClasspath,implementationDependenciesMetadata,productionRuntimeClasspath,runtimeClasspath,testCompileClasspath,testImplementationDependenciesMetadata,testRuntimeClasspath
org.springframework.boot:spring-boot-actuator-autoconfigure:3.0.6=compileClasspath,implementationDependenciesMetadata,productionRuntimeClasspath,runtimeClasspath,testCompileClasspath,testImplementationDependenciesMetadata,testRuntimeClasspath
org.springframework.boot:spring-boot-actuator:3.0.6=compileClasspath,implementationDependenciesMetadata,productionRuntimeClasspath,runtimeClasspath,testCompileClasspath,testImplementationDependenciesMetadata,testRuntimeClasspath
org.springframework.boot:spring-boot-autoconfigure:3.0.6=compileClasspath,developmentOnly,implementationDependenciesMetadata,productionRuntimeClasspath,runtimeClasspath,testCompileClasspath,testImplementationDependenciesMetadata,testRuntimeClasspath
org.springframework.boot:spring-boot-devtools:3.0.6=developmentOnly,runtimeClasspath
org.springframework.boot:spring-boot-starter-actuator:3.0.6=compileClasspath,implementationDependenciesMetadata,productionRuntimeClasspath,runtimeClasspath,testCompileClasspath,testImplementationDependenciesMetadata,testRuntimeClasspath
org.springframework.boot:spring-boot-starter-aop:3.0.6=compileClasspath,implementationDependenciesMetadata,productionRuntimeClasspath,runtimeClasspath,testCompileClasspath,testImplementationDependenciesMetadata,testRuntimeClasspath
org.springframework.boot:spring-boot-starter-data-jpa:3.0.6=compileClasspath,implementationDependenciesMetadata,productionRuntimeClasspath,runtimeClasspath,testCompileClasspath,testImplementationDependenciesMetadata,testRuntimeClasspath
org.springframework.boot:spring-boot-starter-jdbc:3.0.6=compileClasspath,implementationDependenciesMetadata,productionRuntimeClasspath,runtimeClasspath,testCompileClasspath,testImplementationDependenciesMetadata,testRuntimeClasspath
org.springframework.boot:spring-boot-starter-json:3.0.6=compileClasspath,implementationDependenciesMetadata,productionRuntimeClasspath,runtimeClasspath,testCompileClasspath,testImplementationDependenciesMetadata,testRuntimeClasspath
org.springframework.boot:spring-boot-starter-logging:3.0.6=compileClasspath,implementationDependenciesMetadata,productionRuntimeClasspath,runtimeClasspath,testCompileClasspath,testImplementationDependenciesMetadata,testRuntimeClasspath
org.springframework.boot:spring-boot-starter-reactor-netty:3.0.6=compileClasspath,implementationDependenciesMetadata,productionRuntimeClasspath,runtimeClasspath,testCompileClasspath,testImplementationDependenciesMetadata,testRuntimeClasspath
org.springframework.boot:spring-boot-starter-test:3.0.6=testCompileClasspath,testImplementationDependenciesMetadata,testRuntimeClasspath
org.springframework.boot:spring-boot-starter-tomcat:3.0.6=compileClasspath,implementationDependenciesMetadata,productionRuntimeClasspath,runtimeClasspath,testCompileClasspath,testImplementationDependenciesMetadata,testRuntimeClasspath
org.springframework.boot:spring-boot-starter-web:3.0.6=compileClasspath,implementationDependenciesMetadata,productionRuntimeClasspath,runtimeClasspath,testCompileClasspath,testImplementationDependenciesMetadata,testRuntimeClasspath
org.springframework.boot:spring-boot-starter-webflux:3.0.6=compileClasspath,implementationDependenciesMetadata,productionRuntimeClasspath,runtimeClasspath,testCompileClasspath,testImplementationDependenciesMetadata,testRuntimeClasspath
org.springframework.boot:spring-boot-starter:3.0.6=compileClasspath,implementationDependenciesMetadata,productionRuntimeClasspath,runtimeClasspath,testCompileClasspath,testImplementationDependenciesMetadata,testRuntimeClasspath
org.springframework.boot:spring-boot-test-autoconfigure:3.0.6=testCompileClasspath,testImplementationDependenciesMetadata,testRuntimeClasspath
org.springframework.boot:spring-boot-test:3.0.6=testCompileClasspath,testImplementationDependenciesMetadata,testRuntimeClasspath
org.springframework.boot:spring-boot:3.0.6=compileClasspath,developmentOnly,implementationDependenciesMetadata,productionRuntimeClasspath,runtimeClasspath,testCompileClasspath,testImplementationDependenciesMetadata,testRuntimeClasspath
org.springframework.data:spring-data-commons:3.0.5=compileClasspath,implementationDependenciesMetadata,productionRuntimeClasspath,runtimeClasspath,testCompileClasspath,testImplementationDependenciesMetadata,testRuntimeClasspath
org.springframework.data:spring-data-jpa:3.0.5=compileClasspath,implementationDependenciesMetadata,productionRuntimeClasspath,runtimeClasspath,testCompileClasspath,testImplementationDependenciesMetadata,testRuntimeClasspath
org.springframework:spring-aop:6.0.8=compileClasspath,developmentOnly,implementationDependenciesMetadata,productionRuntimeClasspath,runtimeClasspath,testCompileClasspath,testImplementationDependenciesMetadata,testRuntimeClasspath
org.springframework:spring-aspects:6.0.8=compileClasspath,implementationDependenciesMetadata,productionRuntimeClasspath,runtimeClasspath,testCompileClasspath,testImplementationDependenciesMetadata,testRuntimeClasspath
org.springframework:spring-beans:6.0.8=compileClasspath,developmentOnly,implementationDependenciesMetadata,productionRuntimeClasspath,runtimeClasspath,testCompileClasspath,testImplementationDependenciesMetadata,testRuntimeClasspath
org.springframework:spring-context:6.0.8=compileClasspath,developmentOnly,implementationDependenciesMetadata,productionRuntimeClasspath,runtimeClasspath,testCompileClasspath,testImplementationDependenciesMetadata,testRuntimeClasspath
org.springframework:spring-core:6.0.8=compileClasspath,developmentOnly,implementationDependenciesMetadata,productionRuntimeClasspath,runtimeClasspath,testCompileClasspath,testImplementationDependenciesMetadata,testRuntimeClasspath
org.springframework:spring-expression:6.0.8=compileClasspath,developmentOnly,implementationDependenciesMetadata,productionRuntimeClasspath,runtimeClasspath,testCompileClasspath,testImplementationDependenciesMetadata,testRuntimeClasspath
org.springframework:spring-jcl:6.0.8=compileClasspath,developmentOnly,implementationDependenciesMetadata,productionRuntimeClasspath,runtimeClasspath,testCompileClasspath,testImplementationDependenciesMetadata,testRuntimeClasspath
org.springframework:spring-jdbc:6.0.8=compileClasspath,implementationDependenciesMetadata,productionRuntimeClasspath,runtimeClasspath,testCompileClasspath,testImplementationDependenciesMetadata,testRuntimeClasspath
org.springframework:spring-orm:6.0.8=compileClasspath,implementationDependenciesMetadata,productionRuntimeClasspath,runtimeClasspath,testCompileClasspath,testImplementationDependenciesMetadata,testRuntimeClasspath
org.springframework:spring-test:6.0.8=testCompileClasspath,testImplementationDependenciesMetadata,testRuntimeClasspath
org.springframework:spring-tx:6.0.8=compileClasspath,implementationDependenciesMetadata,productionRuntimeClasspath,runtimeClasspath,testCompileClasspath,testImplementationDependenciesMetadata,testRuntimeClasspath
org.springframework:spring-web:6.0.8=compileClasspath,implementationDependenciesMetadata,productionRuntimeClasspath,runtimeClasspath,testCompileClasspath,testImplementationDependenciesMetadata,testRuntimeClasspath
org.springframework:spring-webflux:6.0.8=compileClasspath,implementationDependenciesMetadata,productionRuntimeClasspath,runtimeClasspath,testCompileClasspath,testImplementationDependenciesMetadata,testRuntimeClasspath
org.springframework:spring-webmvc:6.0.8=compileClasspath,implementationDependenciesMetadata,productionRuntimeClasspath,runtimeClasspath,testCompileClasspath,testImplementationDependenciesMetadata,testRuntimeClasspath
org.testcontainers:database-commons:1.18.3=testCompileClasspath,testImplementationDependenciesMetadata,testRuntimeClasspath
org.testcontainers:jdbc:1.18.3=testCompileClasspath,testImplementationDependenciesMetadata,testRuntimeClasspath
org.testcontainers:postgresql:1.18.3=testCompileClasspath,testImplementationDependenciesMetadata,testRuntimeClasspath
org.testcontainers:testcontainers:1.18.3=testCompileClasspath,testImplementationDependenciesMetadata,testRuntimeClasspath
org.webjars:swagger-ui:5.2.0=compileClasspath,implementationDependenciesMetadata,productionRuntimeClasspath,runtimeClasspath,testCompileClasspath,testImplementationDependenciesMetadata,testRuntimeClasspath
org.xmlunit:xmlunit-core:2.9.1=testCompileClasspath,testImplementationDependenciesMetadata,testRuntimeClasspath
org.yaml:snakeyaml:1.33=compileClasspath,implementationDependenciesMetadata,productionRuntimeClasspath,runtimeClasspath,testCompileClasspath,testImplementationDependenciesMetadata,testRuntimeClasspath
empty=annotationProcessor,apiDependenciesMetadata,compileOnlyDependenciesMetadata,dgsCodegen,intransitiveDependenciesMetadata,kaptClasspath_kaptTestKotlin,kotlinCompilerPluginClasspath,kotlinNativeCompilerPluginClasspath,kotlinScriptDef,kotlinScriptDefExtensions,ktlintReporter,ktlintRuleset,testAnnotationProcessor,testApiDependenciesMetadata,testCompileOnlyDependenciesMetadata,testIntransitiveDependenciesMetadata,testKotlinScriptDef,testKotlinScriptDefExtensions
